{
  "name": "test-ollama-dialogue",
  "lockfileVersion": 3,
  "requires": true,
  "packages": {
    "": {
      "dependencies": {
        "tauri-kargo-tools": "^0.1.6"
      }
    },
    "node_modules/tauri-kargo-tools": {
      "version": "0.1.6",
      "resolved": "https://registry.npmjs.org/tauri-kargo-tools/-/tauri-kargo-tools-0.1.6.tgz",
      "integrity": "sha512-lE0T1K2bSXAnuz2DEdpflnOSgYArEu5VvxDG2rfv1iBMfudDaUKdCh8Q5AC6++jbuY3TQ9HfMBr5r4pkV1WiUQ==",
      "license": "ISC"
    }
  }
}
