{
  "name": "test-ollama-dialogue",
  "lockfileVersion": 3,
  "requires": true,
  "packages": {
    "": {
      "dependencies": {
        "tauri-kargo-tools": "^0.1.7"
      }
    },
    "node_modules/tauri-kargo-tools": {
      "version": "0.1.7",
      "resolved": "https://registry.npmjs.org/tauri-kargo-tools/-/tauri-kargo-tools-0.1.7.tgz",
      "integrity": "sha512-sJVWOpCB7qLn3GLVh3jnNu3wg5EMbSO8kVH+qsVcHHip9UuYacUz0SjwBVjn1Pi96DUcht76mGl/++s2CgJE+A==",
      "license": "ISC"
    }
  }
}
