{
  "name": "test-noise-generator",
  "version": "1.0.0",
  "lockfileVersion": 3,
  "requires": true,
  "packages": {
    "": {
      "name": "test-noise-generator",
      "version": "1.0.0",
      "license": "ISC",
      "dependencies": {
        "tauri-kargo-tools": "^0.2.4"
      }
    },
    "node_modules/tauri-kargo-tools": {
      "version": "0.2.4",
      "resolved": "https://registry.npmjs.org/tauri-kargo-tools/-/tauri-kargo-tools-0.2.4.tgz",
      "integrity": "sha512-6O4+lLW2RVIPWWenLGuH1P9Pt/J/bV9MwxIQOJK9Dob96rdSYJjXo71ReotJj8YGHxOsnq//oQLvlrbpgfI2FQ==",
      "license": "ISC"
    }
  }
}
