{
  "name": "test-api-file",
  "lockfileVersion": 3,
  "requires": true,
  "packages": {
    "": {
      "dependencies": {
        "tauri-kargo-tools": "^0.1.3"
      }
    },
    "node_modules/tauri-kargo-tools": {
      "version": "0.1.3",
      "resolved": "https://registry.npmjs.org/tauri-kargo-tools/-/tauri-kargo-tools-0.1.3.tgz",
      "integrity": "sha512-pEtAMtHgMSz290H/XQdcWkVhUSEFmM+X24Cv4sFJBlEf1WIkM/fQuUJ1N4+qNXTyH901ghR/j9Yi6CuM48g9mw==",
      "license": "ISC"
    }
  }
}
